
Microsoft Visual Studio Solution File, Format Version 12.00
# Visual Studio 14
VisualStudioVersion = 14.0.25420.1
MinimumVisualStudioVersion = 10.0.40219.1
Project("{8BC9CEB8-8B4A-11D0-8D11-00A0C91BC942}") = "common", "common\common.vcxproj", "{DB5A6609-A5F9-4392-B378-82110E559EE0}"
EndProject
Project("{8BC9CEB8-8B4A-11D0-8D11-00A0C91BC942}") = "test", "test\test.vcxproj", "{981BDF72-57EE-41AB-8C3E-AFF940F0E9F9}"
EndProject
Global
	GlobalSection(SolutionConfigurationPlatforms) = preSolution
		Debug|x64 = Debug|x64
		Debug|x86 = Debug|x86
		Release|x64 = Release|x64
		Release|x86 = Release|x86
	EndGlobalSection
	GlobalSection(ProjectConfigurationPlatforms) = postSolution
		{DB5A6609-A5F9-4392-B378-82110E559EE0}.Debug|x64.ActiveCfg = Debug|x64
		{DB5A6609-A5F9-4392-B378-82110E559EE0}.Debug|x64.Build.0 = Debug|x64
		{DB5A6609-A5F9-4392-B378-82110E559EE0}.Debug|x86.ActiveCfg = Debug|Win32
		{DB5A6609-A5F9-4392-B378-82110E559EE0}.Debug|x86.Build.0 = Debug|Win32
		{DB5A6609-A5F9-4392-B378-82110E559EE0}.Release|x64.ActiveCfg = Release|x64
		{DB5A6609-A5F9-4392-B378-82110E559EE0}.Release|x64.Build.0 = Release|x64
		{DB5A6609-A5F9-4392-B378-82110E559EE0}.Release|x86.ActiveCfg = Release|Win32
		{DB5A6609-A5F9-4392-B378-82110E559EE0}.Release|x86.Build.0 = Release|Win32
		{981BDF72-57EE-41AB-8C3E-AFF940F0E9F9}.Debug|x64.ActiveCfg = Debug|x64
		{981BDF72-57EE-41AB-8C3E-AFF940F0E9F9}.Debug|x64.Build.0 = Debug|x64
		{981BDF72-57EE-41AB-8C3E-AFF940F0E9F9}.Debug|x86.ActiveCfg = Debug|Win32
		{981BDF72-57EE-41AB-8C3E-AFF940F0E9F9}.Debug|x86.Build.0 = Debug|Win32
		{981BDF72-57EE-41AB-8C3E-AFF940F0E9F9}.Release|x64.ActiveCfg = Release|x64
		{981BDF72-57EE-41AB-8C3E-AFF940F0E9F9}.Release|x64.Build.0 = Release|x64
		{981BDF72-57EE-41AB-8C3E-AFF940F0E9F9}.Release|x86.ActiveCfg = Release|Win32
		{981BDF72-57EE-41AB-8C3E-AFF940F0E9F9}.Release|x86.Build.0 = Release|Win32
	EndGlobalSection
	GlobalSection(SolutionProperties) = preSolution
		HideSolutionNode = FALSE
	EndGlobalSection
EndGlobal
